
Microsoft Visual Studio Solution File, Format Version 12.00
# Visual Studio Version 17
VisualStudioVersion = 17.3.32929.385
MinimumVisualStudioVersion = 10.0.40219.1
Project("{F184B08F-C81C-45F6-A57F-5ABD9991F28F}") = "2D_Platformer", "2D_Platformer\2D_Platformer.vbproj", "{62B5C20B-4A36-46E4-ABA1-FAA25441B8C9}"
EndProject
Global
	GlobalSection(SolutionConfigurationPlatforms) = preSolution
		Debug|Any CPU = Debug|Any CPU
		Release|Any CPU = Release|Any CPU
	EndGlobalSection
	GlobalSection(ProjectConfigurationPlatforms) = postSolution
		{62B5C20B-4A36-46E4-ABA1-FAA25441B8C9}.Debug|Any CPU.ActiveCfg = Debug|Any CPU
		{62B5C20B-4A36-46E4-ABA1-FAA25441B8C9}.Debug|Any CPU.Build.0 = Debug|Any CPU
		{62B5C20B-4A36-46E4-ABA1-FAA25441B8C9}.Release|Any CPU.ActiveCfg = Release|Any CPU
		{62B5C20B-4A36-46E4-ABA1-FAA25441B8C9}.Release|Any CPU.Build.0 = Release|Any CPU
	EndGlobalSection
	GlobalSection(SolutionProperties) = preSolution
		HideSolutionNode = FALSE
	EndGlobalSection
	GlobalSection(ExtensibilityGlobals) = postSolution
		SolutionGuid = {0120577D-C35D-4867-A0E2-AB497648CB20}
	EndGlobalSection
EndGlobal
